Microsoft Visual Studio Solution File, Format Version 11.00
# Visual Studio 2008

Project("{0B437138-BF0B-A57F-16B5-5DB06AECF649}") = "PingPongTheAnimation", "Assembly-CSharp.csproj", "{C22AD18D-DA4D-DEE4-4081-C7C8991356DD}"
EndProject
Global
	GlobalSection(SolutionConfigurationPlatforms) = preSolution
		Debug|Any CPU = Debug|Any CPU
		Release|Any CPU = Release|Any CPU
	EndGlobalSection
	GlobalSection(ProjectConfigurationPlatforms) = postSolution
		{C22AD18D-DA4D-DEE4-4081-C7C8991356DD}.Debug|Any CPU.ActiveCfg = Debug|Any CPU
		{C22AD18D-DA4D-DEE4-4081-C7C8991356DD}.Debug|Any CPU.Build.0 = Debug|Any CPU
		{C22AD18D-DA4D-DEE4-4081-C7C8991356DD}.Release|Any CPU.ActiveCfg = Release|Any CPU
		{C22AD18D-DA4D-DEE4-4081-C7C8991356DD}.Release|Any CPU.Build.0 = Release|Any CPU
	EndGlobalSection
	GlobalSection(SolutionProperties) = preSolution
		HideSolutionNode = FALSE
	EndGlobalSection
	GlobalSection(MonoDevelopProperties) = preSolution
		StartupItem = Assembly-CSharp.csproj
	EndGlobalSection
EndGlobal
